
Microsoft Visual Studio Solution File, Format Version 12.00
# Visual Studio Version 16
VisualStudioVersion = 16.0.31605.320
MinimumVisualStudioVersion = 10.0.40219.1
Project("{FAE04EC0-301F-11D3-BF4B-00C04F79EFBC}") = "WpfApp4", "WpfApp4\WpfApp4.csproj", "{E6348C1D-A194-4A22-96FD-0129D41CA624}"
EndProject
Global
	GlobalSection(SolutionConfigurationPlatforms) = preSolution
		Debug|Any CPU = Debug|Any CPU
		Release|Any CPU = Release|Any CPU
	EndGlobalSection
	GlobalSection(ProjectConfigurationPlatforms) = postSolution
		{E6348C1D-A194-4A22-96FD-0129D41CA624}.Debug|Any CPU.ActiveCfg = Debug|Any CPU
		{E6348C1D-A194-4A22-96FD-0129D41CA624}.Debug|Any CPU.Build.0 = Debug|Any CPU
		{E6348C1D-A194-4A22-96FD-0129D41CA624}.Release|Any CPU.ActiveCfg = Release|Any CPU
		{E6348C1D-A194-4A22-96FD-0129D41CA624}.Release|Any CPU.Build.0 = Release|Any CPU
	EndGlobalSection
	GlobalSection(SolutionProperties) = preSolution
		HideSolutionNode = FALSE
	EndGlobalSection
	GlobalSection(ExtensibilityGlobals) = postSolution
		SolutionGuid = {04945F6E-64E6-4B5B-A959-DF1184B2CF73}
	EndGlobalSection
EndGlobal
